{
  "R": {
    "Version": "4.5.2",
    "Repositories": [
      {
        "Name": "CRAN",
        "URL": "https://cloud.r-project.org"
      },
      {
        "Name": "INLA",
        "URL": "https://inla.r-inla-download.org/R/stable"
      }
    ]
  },
  "Packages": {
    "BATSS": {
      "Package": "BATSS",
      "Version": "1.2.0",
      "Source": "Repository",
      "Repository": "CRAN"
    },
    "DBI": {
      "Package": "DBI",
      "Version": "1.3.0",
      "Source": "Repository",
      "Repository": "CRAN"
    },
    "Formula": {
      "Package": "Formula",
      "Version": "1.2-5",
      "Source": "Repository",
      "Repository": "CRAN"
    },
    "INLA": {
      "Package": "INLA",
      "Version": "25.10.19",
      "Source": "Repository",
      "Repository": "INLA"
    },
    "KernSmooth": {
      "Package": "KernSmooth",
      "Version": "2.23-26",
      "Source": "Repository",
      "Repository": "CRAN"
    },
    "Matrix": {
      "Package": "Matrix",
      "Version": "1.7-5",
      "Source": "Repository",
      "Repository": "CRAN"
    },
    "QuickJSR": {
      "Package": "QuickJSR",
      "Version": "1.10.0",
      "Source": "Repository",
      "Repository": "CRAN"
    },
    "R.methodsS3": {
      "Package": "R.methodsS3",
      "Version": "1.8.2",
      "Source": "Repository",
      "Repository": "CRAN"
    },
    "R.oo": {
      "Package": "R.oo",
      "Version": "1.27.1",
      "Source": "Repository",
      "Repository": "CRAN"
    },
    "R.utils": {
      "Package": "R.utils",
      "Version": "2.13.0",
      "Source": "Repository",
      "Repository": "CRAN"
    },
    "R6": {
      "Package": "R6",
      "Version": "2.6.1",
      "Source": "Repository",
      "Repository": "CRAN"
    },
    "RBesT": {
      "Package": "RBesT",
      "Version": "1.9-0",
      "Source": "Repository",
      "Repository": "CRAN"
    },
    "RColorBrewer": {
      "Package": "RColorBrewer",
      "Version": "1.1-3",
      "Source": "Repository",
      "Repository": "CRAN"
    },
    "Rcpp": {
      "Package": "Rcpp",
      "Version": "1.1.1-1.1",
      "Source": "Repository",
      "Repository": "CRAN"
    },
    "RcppParallel": {
      "Package": "RcppParallel",
      "Version": "5.1.11-2",
      "Source": "Repository",
      "Repository": "CRAN"
    },
    "S7": {
      "Package": "S7",
      "Version": "0.2.2",
      "Source": "Repository",
      "Repository": "CRAN"
    },
    "StanHeaders": {
      "Package": "StanHeaders",
      "Version": "2.32.10",
      "Source": "Repository",
      "Repository": "CRAN"
    },
    "V8": {
      "Package": "V8",
      "Version": "8.2.0",
      "Source": "Repository",
      "Repository": "CRAN"
    },
    "abind": {
      "Package": "abind",
      "Version": "1.4-8",
      "Source": "Repository",
      "Repository": "CRAN"
    },
    "adaptr": {
      "Package": "adaptr",
      "Version": "1.5.0",
      "Source": "Repository",
      "Repository": "CRAN"
    },
    "assertthat": {
      "Package": "assertthat",
      "Version": "0.2.1",
      "Source": "Repository",
      "Repository": "CRAN"
    },
    "backports": {
      "Package": "backports",
      "Version": "1.5.1",
      "Source": "Repository",
      "Repository": "CRAN"
    },
    "checkmate": {
      "Package": "checkmate",
      "Version": "2.3.4",
      "Source": "Repository",
      "Repository": "CRAN"
    },
    "class": {
      "Package": "class",
      "Version": "7.3-23",
      "Source": "Repository",
      "Repository": "CRAN"
    },
    "classInt": {
      "Package": "classInt",
      "Version": "0.4-11",
      "Source": "Repository",
      "Repository": "CRAN"
    },
    "cli": {
      "Package": "cli",
      "Version": "3.6.6",
      "Source": "Repository",
      "Repository": "CRAN"
    },
    "codetools": {
      "Package": "codetools",
      "Version": "0.2-20",
      "Source": "Repository",
      "Repository": "CRAN"
    },
    "colorspace": {
      "Package": "colorspace",
      "Version": "2.1-2",
      "Source": "Repository",
      "Repository": "CRAN"
    },
    "curl": {
      "Package": "curl",
      "Version": "7.1.0",
      "Source": "Repository",
      "Repository": "CRAN"
    },
    "distributional": {
      "Package": "distributional",
      "Version": "0.7.0",
      "Source": "Repository",
      "Repository": "CRAN"
    },
    "doParallel": {
      "Package": "doParallel",
      "Version": "1.0.17",
      "Source": "Repository",
      "Repository": "CRAN"
    },
    "dplyr": {
      "Package": "dplyr",
      "Version": "1.2.1",
      "Source": "Repository",
      "Repository": "CRAN"
    },
    "e1071": {
      "Package": "e1071",
      "Version": "1.7-17",
      "Source": "Repository",
      "Repository": "CRAN"
    },
    "extraDistr": {
      "Package": "extraDistr",
      "Version": "1.10.0.3",
      "Source": "Repository",
      "Repository": "CRAN"
    },
    "farver": {
      "Package": "farver",
      "Version": "2.1.2",
      "Source": "Repository",
      "Repository": "CRAN"
    },
    "fmesher": {
      "Package": "fmesher",
      "Version": "0.7.0",
      "Source": "Repository",
      "Repository": "CRAN"
    },
    "foreach": {
      "Package": "foreach",
      "Version": "1.5.2",
      "Source": "Repository",
      "Repository": "CRAN"
    },
    "generics": {
      "Package": "generics",
      "Version": "0.1.4",
      "Source": "Repository",
      "Repository": "CRAN"
    },
    "ggplot2": {
      "Package": "ggplot2",
      "Version": "4.0.3",
      "Source": "Repository",
      "Repository": "CRAN"
    },
    "ggrepel": {
      "Package": "ggrepel",
      "Version": "0.9.8",
      "Source": "Repository",
      "Repository": "CRAN"
    },
    "ggsci": {
      "Package": "ggsci",
      "Version": "5.0.0",
      "Source": "Repository",
      "Repository": "CRAN"
    },
    "glue": {
      "Package": "glue",
      "Version": "1.8.1",
      "Source": "Repository",
      "Repository": "CRAN"
    },
    "gridExtra": {
      "Package": "gridExtra",
      "Version": "2.3",
      "Source": "Repository",
      "Repository": "CRAN"
    },
    "gtable": {
      "Package": "gtable",
      "Version": "0.3.6",
      "Source": "Repository",
      "Repository": "CRAN"
    },
    "inline": {
      "Package": "inline",
      "Version": "0.3.21",
      "Source": "Repository",
      "Repository": "CRAN"
    },
    "iterators": {
      "Package": "iterators",
      "Version": "1.0.14",
      "Source": "Repository",
      "Repository": "CRAN"
    },
    "jsonlite": {
      "Package": "jsonlite",
      "Version": "2.0.0",
      "Source": "Repository",
      "Repository": "CRAN"
    },
    "labeling": {
      "Package": "labeling",
      "Version": "0.4.3",
      "Source": "Repository",
      "Repository": "CRAN"
    },
    "lattice": {
      "Package": "lattice",
      "Version": "0.22-9",
      "Source": "Repository",
      "Repository": "CRAN"
    },
    "lifecycle": {
      "Package": "lifecycle",
      "Version": "1.0.5",
      "Source": "Repository",
      "Repository": "CRAN"
    },
    "loo": {
      "Package": "loo",
      "Version": "2.9.0",
      "Source": "Repository",
      "Repository": "CRAN"
    },
    "magrittr": {
      "Package": "magrittr",
      "Version": "2.0.5",
      "Source": "Repository",
      "Repository": "CRAN"
    },
    "matrixStats": {
      "Package": "matrixStats",
      "Version": "1.5.0",
      "Source": "Repository",
      "Repository": "CRAN"
    },
    "mvtnorm": {
      "Package": "mvtnorm",
      "Version": "1.3-7",
      "Source": "Repository",
      "Repository": "CRAN"
    },
    "otel": {
      "Package": "otel",
      "Version": "0.2.0",
      "Source": "Repository",
      "Repository": "CRAN"
    },
    "patchwork": {
      "Package": "patchwork",
      "Version": "1.3.2",
      "Source": "Repository",
      "Repository": "CRAN"
    },
    "pillar": {
      "Package": "pillar",
      "Version": "1.11.1",
      "Source": "Repository",
      "Repository": "CRAN"
    },
    "pkgbuild": {
      "Package": "pkgbuild",
      "Version": "1.4.8",
      "Source": "Repository",
      "Repository": "CRAN"
    },
    "pkgconfig": {
      "Package": "pkgconfig",
      "Version": "2.0.3",
      "Source": "Repository",
      "Repository": "CRAN"
    },
    "plyr": {
      "Package": "plyr",
      "Version": "1.8.9",
      "Source": "Repository",
      "Repository": "CRAN"
    },
    "posterior": {
      "Package": "posterior",
      "Version": "1.7.0",
      "Source": "Repository",
      "Repository": "CRAN"
    },
    "proxy": {
      "Package": "proxy",
      "Version": "0.4-29",
      "Source": "Repository",
      "Repository": "CRAN"
    },
    "ragg": {
      "Package": "ragg",
      "Version": "1.5.2",
      "Source": "Repository",
      "Repository": "CRAN"
    },
    "rlang": {
      "Package": "rlang",
      "Version": "1.2.0",
      "Source": "Repository",
      "Repository": "CRAN"
    },
    "rstan": {
      "Package": "rstan",
      "Version": "2.32.7",
      "Source": "Repository",
      "Repository": "CRAN"
    },
    "rstantools": {
      "Package": "rstantools",
      "Version": "2.6.0",
      "Source": "Repository",
      "Repository": "CRAN"
    },
    "scales": {
      "Package": "scales",
      "Version": "1.4.0",
      "Source": "Repository",
      "Repository": "CRAN"
    },
    "sf": {
      "Package": "sf",
      "Version": "1.1-1",
      "Source": "Repository",
      "Repository": "CRAN"
    },
    "systemfonts": {
      "Package": "systemfonts",
      "Version": "1.3.2",
      "Source": "Repository",
      "Repository": "CRAN"
    },
    "tensorA": {
      "Package": "tensorA",
      "Version": "0.36.2.1",
      "Source": "Repository",
      "Repository": "CRAN"
    },
    "textshaping": {
      "Package": "textshaping",
      "Version": "1.0.5",
      "Source": "Repository",
      "Repository": "CRAN"
    },
    "tibble": {
      "Package": "tibble",
      "Version": "3.3.1",
      "Source": "Repository",
      "Repository": "CRAN"
    },
    "tidyselect": {
      "Package": "tidyselect",
      "Version": "1.2.1",
      "Source": "Repository",
      "Repository": "CRAN"
    },
    "units": {
      "Package": "units",
      "Version": "1.0-1",
      "Source": "Repository",
      "Repository": "CRAN"
    },
    "vctrs": {
      "Package": "vctrs",
      "Version": "0.7.3",
      "Source": "Repository",
      "Repository": "CRAN"
    },
    "withr": {
      "Package": "withr",
      "Version": "3.0.2",
      "Source": "Repository",
      "Repository": "CRAN"
    },
    "zipfR": {
      "Package": "zipfR",
      "Version": "0.6-70",
      "Source": "Repository",
      "Repository": "CRAN"
    }
  }
}
